// !$*UTF8*$!
{
	archiveVersion = 1;
	classes = {
	};
	objectVersion = 46;
	objects = {

/* Begin PBXBuildFile section */
		9D055B541DB3CBE60079246B /* AppDelegate.swift in Sources */ = {isa = PBXBuildFile; fileRef = 9D055B531DB3CBE60079246B /* AppDelegate.swift */; };
		9D055B561DB3CBE60079246B /* ViewController.swift in Sources */ = {isa = PBXBuildFile; fileRef = 9D055B551DB3CBE60079246B /* ViewController.swift */; };
		9D055B591DB3CBE60079246B /* Main.storyboard in Resources */ = {isa = PBXBuildFile; fileRef = 9D055B571DB3CBE60079246B /* Main.storyboard */; };
		9D055B5B1DB3CBE60079246B /* Assets.xcassets in Resources */ = {isa = PBXBuildFile; fileRef = 9D055B5A1DB3CBE60079246B /* Assets.xcassets */; };
		9D055B5E1DB3CBE60079246B /* LaunchScreen.storyboard in Resources */ = {isa = PBXBuildFile; fileRef = 9D055B5C1DB3CBE60079246B /* LaunchScreen.storyboard */; };
		9D055B691DB3CBE60079246B /* CronometroTests.swift in Sources */ = {isa = PBXBuildFile; fileRef = 9D055B681DB3CBE60079246B /* CronometroTests.swift */; };
		9D055B741DB3CBE60079246B /* CronometroUITests.swift in Sources */ = {isa = PBXBuildFile; fileRef = 9D055B731DB3CBE60079246B /* CronometroUITests.swift */; };
/* End PBXBuildFile section */

/* Begin PBXContainerItemProxy section */
		9D055B651DB3CBE60079246B /* PBXContainerItemProxy */ = {
			isa = PBXContainerItemProxy;
			containerPortal = 9D055B481DB3CBE60079246B /* Project object */;
			proxyType = 1;
			remoteGlobalIDString = 9D055B4F1DB3CBE60079246B;
			remoteInfo = Cronometro;
		};
		9D055B701DB3CBE60079246B /* PBXContainerItemProxy */ = {
			isa = PBXContainerItemProxy;
			containerPortal = 9D055B481DB3CBE60079246B /* Project object */;
			proxyType = 1;
			remoteGlobalIDString = 9D055B4F1DB3CBE60079246B;
			remoteInfo = Cronometro;
		};
/* End PBXContainerItemProxy section */

/* Begin PBXFileReference section */
		9D055B501DB3CBE60079246B /* Cronometro.app */ = {isa = PBXFileReference; explicitFileType = wrapper.application; includeInIndex = 0; path = Cronometro.app; sourceTree = BUILT_PRODUCTS_DIR; };
		9D055B531DB3CBE60079246B /* AppDelegate.swift */ = {isa = PBXFileReference; lastKnownFileType = sourcecode.swift; path = AppDelegate.swift; sourceTree = "<group>"; };
		9D055B551DB3CBE60079246B /* ViewController.swift */ = {isa = PBXFileReference; lastKnownFileType = sourcecode.swift; path = ViewController.swift; sourceTree = "<group>"; };
		9D055B581DB3CBE60079246B /* Base */ = {isa = PBXFileReference; lastKnownFileType = file.storyboard; name = Base; path = Base.lproj/Main.storyboard; sourceTree = "<group>"; };
		9D055B5A1DB3CBE60079246B /* Assets.xcassets */ = {isa = PBXFileReference; lastKnownFileType = folder.assetcatalog; path = Assets.xcassets; sourceTree = "<group>"; };
		9D055B5D1DB3CBE60079246B /* Base */ = {isa = PBXFileReference; lastKnownFileType = file.storyboard; name = Base; path = Base.lproj/LaunchScreen.storyboard; sourceTree = "<group>"; };
		9D055B5F1DB3CBE60079246B /* Info.plist */ = {isa = PBXFileReference; lastKnownFileType = text.plist.xml; path = Info.plist; sourceTree = "<group>"; };
		9D055B641DB3CBE60079246B /* CronometroTests.xctest */ = {isa = PBXFileReference; explicitFileType = wrapper.cfbundle; includeInIndex = 0; path = CronometroTests.xctest; sourceTree = BUILT_PRODUCTS_DIR; };
		9D055B681DB3CBE60079246B /* CronometroTests.swift */ = {isa = PBXFileReference; lastKnownFileType = sourcecode.swift; path = CronometroTests.swift; sourceTree = "<group>"; };
		9D055B6A1DB3CBE60079246B /* Info.plist */ = {isa = PBXFileReference; lastKnownFileType = text.plist.xml; path = Info.plist; sourceTree = "<group>"; };
		9D055B6F1DB3CBE60079246B /* CronometroUITests.xctest */ = {isa = PBXFileReference; explicitFileType = wrapper.cfbundle; includeInIndex = 0; path = CronometroUITests.xctest; sourceTree = BUILT_PRODUCTS_DIR; };
		9D055B731DB3CBE60079246B /* CronometroUITests.swift */ = {isa = PBXFileReference; lastKnownFileType = sourcecode.swift; path = CronometroUITests.swift; sourceTree = "<group>"; };
		9D055B751DB3CBE60079246B /* Info.plist */ = {isa = PBXFileReference; lastKnownFileType = text.plist.xml; path = Info.plist; sourceTree = "<group>"; };
/* End PBXFileReference section */

/* Begin PBXFrameworksBuildPhase section */
		9D055B4D1DB3CBE60079246B /* Frameworks */ = {
			isa = PBXFrameworksBuildPhase;
			buildActionMask = 2147483647;
			files = (
			);
			runOnlyForDeploymentPostprocessing = 0;
		};
		9D055B611DB3CBE60079246B /* Frameworks */ = {
			isa = PBXFrameworksBuildPhase;
			buildActionMask = 2147483647;
			files = (
			);
			runOnlyForDeploymentPostprocessing = 0;
		};
		9D055B6C1DB3CBE60079246B /* Frameworks */ = {
			isa = PBXFrameworksBuildPhase;
			buildActionMask = 2147483647;
			files = (
			);
			runOnlyForDeploymentPostprocessing = 0;
		};
/* End PBXFrameworksBuildPhase section */

/* Begin PBXGroup section */
		9D055B471DB3CBE60079246B = {
			isa = PBXGroup;
			children = (
				9D055B521DB3CBE60079246B /* Cronometro */,
				9D055B671DB3CBE60079246B /* CronometroTests */,
				9D055B721DB3CBE60079246B /* CronometroUITests */,
				9D055B511DB3CBE60079246B /* Products */,
			);
			sourceTree = "<group>";
		};
		9D055B511DB3CBE60079246B /* Products */ = {
			isa = PBXGroup;
			children = (
				9D055B501DB3CBE60079246B /* Cronometro.app */,
				9D055B641DB3CBE60079246B /* CronometroTests.xctest */,
				9D055B6F1DB3CBE60079246B /* CronometroUITests.xctest */,
			);
			name = Products;
			sourceTree = "<group>";
		};
		9D055B521DB3CBE60079246B /* Cronometro */ = {
			isa = PBXGroup;
			children = (
				9D055B531DB3CBE60079246B /* AppDelegate.swift */,
				9D055B551DB3CBE60079246B /* ViewController.swift */,
				9D055B571DB3CBE60079246B /* Main.storyboard */,
				9D055B5A1DB3CBE60079246B /* Assets.xcassets */,
				9D055B5C1DB3CBE60079246B /* LaunchScreen.storyboard */,
				9D055B5F1DB3CBE60079246B /* Info.plist */,
			);
			path = Cronometro;
			sourceTree = "<group>";
		};
		9D055B671DB3CBE60079246B /* CronometroTests */ = {
			isa = PBXGroup;
			children = (
				9D055B681DB3CBE60079246B /* CronometroTests.swift */,
				9D055B6A1DB3CBE60079246B /* Info.plist */,
			);
			path = CronometroTests;
			sourceTree = "<group>";
		};
		9D055B721DB3CBE60079246B /* CronometroUITests */ = {
			isa = PBXGroup;
			children = (
				9D055B731DB3CBE60079246B /* CronometroUITests.swift */,
				9D055B751DB3CBE60079246B /* Info.plist */,
			);
			path = CronometroUITests;
			sourceTree = "<group>";
		};
/* End PBXGroup section */

/* Begin PBXNativeTarget section */
		9D055B4F1DB3CBE60079246B /* Cronometro */ = {
			isa = PBXNativeTarget;
			buildConfigurationList = 9D055B781DB3CBE60079246B /* Build configuration list for PBXNativeTarget "Cronometro" */;
			buildPhases = (
				9D055B4C1DB3CBE60079246B /* Sources */,
				9D055B4D1DB3CBE60079246B /* Frameworks */,
				9D055B4E1DB3CBE60079246B /* Resources */,
			);
			buildRules = (
			);
			dependencies = (
			);
			name = Cronometro;
			productName = Cronometro;
			productReference = 9D055B501DB3CBE60079246B /* Cronometro.app */;
			productType = "com.apple.product-type.application";
		};
		9D055B631DB3CBE60079246B /* CronometroTests */ = {
			isa = PBXNativeTarget;
			buildConfigurationList = 9D055B7B1DB3CBE60079246B /* Build configuration list for PBXNativeTarget "CronometroTests" */;
			buildPhases = (
				9D055B601DB3CBE60079246B /* Sources */,
				9D055B611DB3CBE60079246B /* Frameworks */,
				9D055B621DB3CBE60079246B /* Resources */,
			);
			buildRules = (
			);
			dependencies = (
				9D055B661DB3CBE60079246B /* PBXTargetDependency */,
			);
			name = CronometroTests;
			productName = CronometroTests;
			productReference = 9D055B641DB3CBE60079246B /* CronometroTests.xctest */;
			productType = "com.apple.product-type.bundle.unit-test";
		};
		9D055B6E1DB3CBE60079246B /* CronometroUITests */ = {
			isa = PBXNativeTarget;
			buildConfigurationList = 9D055B7E1DB3CBE60079246B /* Build configuration list for PBXNativeTarget "CronometroUITests" */;
			buildPhases = (
				9D055B6B1DB3CBE60079246B /* Sources */,
				9D055B6C1DB3CBE60079246B /* Frameworks */,
				9D055B6D1DB3CBE60079246B /* Resources */,
			);
			buildRules = (
			);
			dependencies = (
				9D055B711DB3CBE60079246B /* PBXTargetDependency */,
			);
			name = CronometroUITests;
			productName = CronometroUITests;
			productReference = 9D055B6F1DB3CBE60079246B /* CronometroUITests.xctest */;
			productType = "com.apple.product-type.bundle.ui-testing";
		};
/* End PBXNativeTarget section */

/* Begin PBXProject section */
		9D055B481DB3CBE60079246B /* Project object */ = {
			isa = PBXProject;
			attributes = {
				LastSwiftUpdateCheck = 0800;
				LastUpgradeCheck = 0800;
				ORGANIZATIONNAME = "Leonardo Figueiredo";
				TargetAttributes = {
					9D055B4F1DB3CBE60079246B = {
						CreatedOnToolsVersion = 8.0;
						ProvisioningStyle = Automatic;
					};
					9D055B631DB3CBE60079246B = {
						CreatedOnToolsVersion = 8.0;
						ProvisioningStyle = Automatic;
						TestTargetID = 9D055B4F1DB3CBE60079246B;
					};
					9D055B6E1DB3CBE60079246B = {
						CreatedOnToolsVersion = 8.0;
						ProvisioningStyle = Automatic;
						TestTargetID = 9D055B4F1DB3CBE60079246B;
					};
				};
			};
			buildConfigurationList = 9D055B4B1DB3CBE60079246B /* Build configuration list for PBXProject "Cronometro" */;
			compatibilityVersion = "Xcode 3.2";
			developmentRegion = English;
			hasScannedForEncodings = 0;
			knownRegions = (
				en,
				Base,
			);
			mainGroup = 9D055B471DB3CBE60079246B;
			productRefGroup = 9D055B511DB3CBE60079246B /* Products */;
			projectDirPath = "";
			projectRoot = "";
			targets = (
				9D055B4F1DB3CBE60079246B /* Cronometro */,
				9D055B631DB3CBE60079246B /* CronometroTests */,
				9D055B6E1DB3CBE60079246B /* CronometroUITests */,
			);
		};
/* End PBXProject section */

/* Begin PBXResourcesBuildPhase section */
		9D055B4E1DB3CBE60079246B /* Resources */ = {
			isa = PBXResourcesBuildPhase;
			buildActionMask = 2147483647;
			files = (
				9D055B5E1DB3CBE60079246B /* LaunchScreen.storyboard in Resources */,
				9D055B5B1DB3CBE60079246B /* Assets.xcassets in Resources */,
				9D055B591DB3CBE60079246B /* Main.storyboard in Resources */,
			);
			runOnlyForDeploymentPostprocessing = 0;
		};
		9D055B621DB3CBE60079246B /* Resources */ = {
			isa = PBXResourcesBuildPhase;
			buildActionMask = 2147483647;
			files = (
			);
			runOnlyForDeploymentPostprocessing = 0;
		};
		9D055B6D1DB3CBE60079246B /* Resources */ = {
			isa = PBXResourcesBuildPhase;
			buildActionMask = 2147483647;
			files = (
			);
			runOnlyForDeploymentPostprocessing = 0;
		};
/* End PBXResourcesBuildPhase section */

/* Begin PBXSourcesBuildPhase section */
		9D055B4C1DB3CBE60079246B /* Sources */ = {
			isa = PBXSourcesBuildPhase;
			buildActionMask = 2147483647;
			files = (
				9D055B561DB3CBE60079246B /* ViewController.swift in Sources */,
				9D055B541DB3CBE60079246B /* AppDelegate.swift in Sources */,
			);
			runOnlyForDeploymentPostprocessing = 0;
		};
		9D055B601DB3CBE60079246B /* Sources */ = {
			isa = PBXSourcesBuildPhase;
			buildActionMask = 2147483647;
			files = (
				9D055B691DB3CBE60079246B /* CronometroTests.swift in Sources */,
			);
			runOnlyForDeploymentPostprocessing = 0;
		};
		9D055B6B1DB3CBE60079246B /* Sources */ = {
			isa = PBXSourcesBuildPhase;
			buildActionMask = 2147483647;
			files = (
				9D055B741DB3CBE60079246B /* CronometroUITests.swift in Sources */,
			);
			runOnlyForDeploymentPostprocessing = 0;
		};
/* End PBXSourcesBuildPhase section */

/* Begin PBXTargetDependency section */
		9D055B661DB3CBE60079246B /* PBXTargetDependency */ = {
			isa = PBXTargetDependency;
			target = 9D055B4F1DB3CBE60079246B /* Cronometro */;
			targetProxy = 9D055B651DB3CBE60079246B /* PBXContainerItemProxy */;
		};
		9D055B711DB3CBE60079246B /* PBXTargetDependency */ = {
			isa = PBXTargetDependency;
			target = 9D055B4F1DB3CBE60079246B /* Cronometro */;
			targetProxy = 9D055B701DB3CBE60079246B /* PBXContainerItemProxy */;
		};
/* End PBXTargetDependency section */

/* Begin PBXVariantGroup section */
		9D055B571DB3CBE60079246B /* Main.storyboard */ = {
			isa = PBXVariantGroup;
			children = (
				9D055B581DB3CBE60079246B /* Base */,
			);
			name = Main.storyboard;
			sourceTree = "<group>";
		};
		9D055B5C1DB3CBE60079246B /* LaunchScreen.storyboard */ = {
			isa = PBXVariantGroup;
			children = (
				9D055B5D1DB3CBE60079246B /* Base */,
			);
			name = LaunchScreen.storyboard;
			sourceTree = "<group>";
		};
/* End PBXVariantGroup section */

/* Begin XCBuildConfiguration section */
		9D055B761DB3CBE60079246B /* Debug */ = {
			isa = XCBuildConfiguration;
			buildSettings = {
				ALWAYS_SEARCH_USER_PATHS = NO;
				CLANG_ANALYZER_NONNULL = YES;
				CLANG_CXX_LANGUAGE_STANDARD = "gnu++0x";
				CLANG_CXX_LIBRARY = "libc++";
				CLANG_ENABLE_MODULES = YES;
				CLANG_ENABLE_OBJC_ARC = YES;
				CLANG_WARN_BOOL_CONVERSION = YES;
				CLANG_WARN_CONSTANT_CONVERSION = YES;
				CLANG_WARN_DIRECT_OBJC_ISA_USAGE = YES_ERROR;
				CLANG_WARN_DOCUMENTATION_COMMENTS = YES;
				CLANG_WARN_EMPTY_BODY = YES;
				CLANG_WARN_ENUM_CONVERSION = YES;
				CLANG_WARN_INFINITE_RECURSION = YES;
				CLANG_WARN_INT_CONVERSION = YES;
				CLANG_WARN_OBJC_ROOT_CLASS = YES_ERROR;
				CLANG_WARN_SUSPICIOUS_MOVES = YES;
				CLANG_WARN_UNREACHABLE_CODE = YES;
				CLANG_WARN__DUPLICATE_METHOD_MATCH = YES;
				"CODE_SIGN_IDENTITY[sdk=iphoneos*]" = "iPhone Developer";
				COPY_PHASE_STRIP = NO;
				DEBUG_INFORMATION_FORMAT = dwarf;
				ENABLE_STRICT_OBJC_MSGSEND = YES;
				ENABLE_TESTABILITY = YES;
				GCC_C_LANGUAGE_STANDARD = gnu99;
				GCC_DYNAMIC_NO_PIC = NO;
				GCC_NO_COMMON_BLOCKS = YES;
				GCC_OPTIMIZATION_LEVEL = 0;
				GCC_PREPROCESSOR_DEFINITIONS = (
					"DEBUG=1",
					"$(inherited)",
				);
				GCC_WARN_64_TO_32_BIT_CONVERSION = YES;
				GCC_WARN_ABOUT_RETURN_TYPE = YES_ERROR;
				GCC_WARN_UNDECLARED_SELECTOR = YES;
				GCC_WARN_UNINITIALIZED_AUTOS = YES_AGGRESSIVE;
				GCC_WARN_UNUSED_FUNCTION = YES;
				GCC_WARN_UNUSED_VARIABLE = YES;
				IPHONEOS_DEPLOYMENT_TARGET = 10.0;
				MTL_ENABLE_DEBUG_INFO = YES;
				ONLY_ACTIVE_ARCH = YES;
				SDKROOT = iphoneos;
				SWIFT_ACTIVE_COMPILATION_CONDITIONS = DEBUG;
				SWIFT_OPTIMIZATION_LEVEL = "-Onone";
				TARGETED_DEVICE_FAMILY = "1,2";
			};
			name = Debug;
		};
		9D055B771DB3CBE60079246B /* Release */ = {
			isa = XCBuildConfiguration;
			buildSettings = {
				ALWAYS_SEARCH_USER_PATHS = NO;
				CLANG_ANALYZER_NONNULL = YES;
				CLANG_CXX_LANGUAGE_STANDARD = "gnu++0x";
				CLANG_CXX_LIBRARY = "libc++";
				CLANG_ENABLE_MODULES = YES;
				CLANG_ENABLE_OBJC_ARC = YES;
				CLANG_WARN_BOOL_CONVERSION = YES;
				CLANG_WARN_CONSTANT_CONVERSION = YES;
				CLANG_WARN_DIRECT_OBJC_ISA_USAGE = YES_ERROR;
				CLANG_WARN_DOCUMENTATION_COMMENTS = YES;
				CLANG_WARN_EMPTY_BODY = YES;
				CLANG_WARN_ENUM_CONVERSION = YES;
				CLANG_WARN_INFINITE_RECURSION = YES;
				CLANG_WARN_INT_CONVERSION = YES;
				CLANG_WARN_OBJC_ROOT_CLASS = YES_ERROR;
				CLANG_WARN_SUSPICIOUS_MOVES = YES;
				CLANG_WARN_UNREACHABLE_CODE = YES;
				CLANG_WARN__DUPLICATE_METHOD_MATCH = YES;
				"CODE_SIGN_IDENTITY[sdk=iphoneos*]" = "iPhone Developer";
				COPY_PHASE_STRIP = NO;
				DEBUG_INFORMATION_FORMAT = "dwarf-with-dsym";
				ENABLE_NS_ASSERTIONS = NO;
				ENABLE_STRICT_OBJC_MSGSEND = YES;
				GCC_C_LANGUAGE_STANDARD = gnu99;
				GCC_NO_COMMON_BLOCKS = YES;
				GCC_WARN_64_TO_32_BIT_CONVERSION = YES;
				GCC_WARN_ABOUT_RETURN_TYPE = YES_ERROR;
				GCC_WARN_UNDECLARED_SELECTOR = YES;
				GCC_WARN_UNINITIALIZED_AUTOS = YES_AGGRESSIVE;
				GCC_WARN_UNUSED_FUNCTION = YES;
				GCC_WARN_UNUSED_VARIABLE = YES;
				IPHONEOS_DEPLOYMENT_TARGET = 10.0;
				MTL_ENABLE_DEBUG_INFO = NO;
				SDKROOT = iphoneos;
				SWIFT_OPTIMIZATION_LEVEL = "-Owholemodule";
				TARGETED_DEVICE_FAMILY = "1,2";
				VALIDATE_PRODUCT = YES;
			};
			name = Release;
		};
		9D055B791DB3CBE60079246B /* Debug */ = {
			isa = XCBuildConfiguration;
			buildSettings = {
				ASSETCATALOG_COMPILER_APPICON_NAME = AppIcon;
				INFOPLIST_FILE = Cronometro/Info.plist;
				LD_RUNPATH_SEARCH_PATHS = "$(inherited) @executable_path/Frameworks";
				PRODUCT_BUNDLE_IDENTIFIER = com.leocassioo.Cronometro;
				PRODUCT_NAME = "$(TARGET_NAME)";
				SWIFT_VERSION = 3.0;
			};
			name = Debug;
		};
		9D055B7A1DB3CBE60079246B /* Release */ = {
			isa = XCBuildConfiguration;
			buildSettings = {
				ASSETCATALOG_COMPILER_APPICON_NAME = AppIcon;
				INFOPLIST_FILE = Cronometro/Info.plist;
				LD_RUNPATH_SEARCH_PATHS = "$(inherited) @executable_path/Frameworks";
				PRODUCT_BUNDLE_IDENTIFIER = com.leocassioo.Cronometro;
				PRODUCT_NAME = "$(TARGET_NAME)";
				SWIFT_VERSION = 3.0;
			};
			name = Release;
		};
		9D055B7C1DB3CBE60079246B /* Debug */ = {
			isa = XCBuildConfiguration;
			buildSettings = {
				ALWAYS_EMBED_SWIFT_STANDARD_LIBRARIES = YES;
				BUNDLE_LOADER = "$(TEST_HOST)";
				INFOPLIST_FILE = CronometroTests/Info.plist;
				LD_RUNPATH_SEARCH_PATHS = "$(inherited) @executable_path/Frameworks @loader_path/Frameworks";
				PRODUCT_BUNDLE_IDENTIFIER = com.leocassioo.CronometroTests;
				PRODUCT_NAME = "$(TARGET_NAME)";
				SWIFT_VERSION = 3.0;
				TEST_HOST = "$(BUILT_PRODUCTS_DIR)/Cronometro.app/Cronometro";
			};
			name = Debug;
		};
		9D055B7D1DB3CBE60079246B /* Release */ = {
			isa = XCBuildConfiguration;
			buildSettings = {
				ALWAYS_EMBED_SWIFT_STANDARD_LIBRARIES = YES;
				BUNDLE_LOADER = "$(TEST_HOST)";
				INFOPLIST_FILE = CronometroTests/Info.plist;
				LD_RUNPATH_SEARCH_PATHS = "$(inherited) @executable_path/Frameworks @loader_path/Frameworks";
				PRODUCT_BUNDLE_IDENTIFIER = com.leocassioo.CronometroTests;
				PRODUCT_NAME = "$(TARGET_NAME)";
				SWIFT_VERSION = 3.0;
				TEST_HOST = "$(BUILT_PRODUCTS_DIR)/Cronometro.app/Cronometro";
			};
			name = Release;
		};
		9D055B7F1DB3CBE60079246B /* Debug */ = {
			isa = XCBuildConfiguration;
			buildSettings = {
				ALWAYS_EMBED_SWIFT_STANDARD_LIBRARIES = YES;
				INFOPLIST_FILE = CronometroUITests/Info.plist;
				LD_RUNPATH_SEARCH_PATHS = "$(inherited) @executable_path/Frameworks @loader_path/Frameworks";
				PRODUCT_BUNDLE_IDENTIFIER = com.leocassioo.CronometroUITests;
				PRODUCT_NAME = "$(TARGET_NAME)";
				SWIFT_VERSION = 3.0;
				TEST_TARGET_NAME = Cronometro;
			};
			name = Debug;
		};
		9D055B801DB3CBE60079246B /* Release */ = {
			isa = XCBuildConfiguration;
			buildSettings = {
				ALWAYS_EMBED_SWIFT_STANDARD_LIBRARIES = YES;
				INFOPLIST_FILE = CronometroUITests/Info.plist;
				LD_RUNPATH_SEARCH_PATHS = "$(inherited) @executable_path/Frameworks @loader_path/Frameworks";
				PRODUCT_BUNDLE_IDENTIFIER = com.leocassioo.CronometroUITests;
				PRODUCT_NAME = "$(TARGET_NAME)";
				SWIFT_VERSION = 3.0;
				TEST_TARGET_NAME = Cronometro;
			};
			name = Release;
		};
/* End XCBuildConfiguration section */

/* Begin XCConfigurationList section */
		9D055B4B1DB3CBE60079246B /* Build configuration list for PBXProject "Cronometro" */ = {
			isa = XCConfigurationList;
			buildConfigurations = (
				9D055B761DB3CBE60079246B /* Debug */,
				9D055B771DB3CBE60079246B /* Release */,
			);
			defaultConfigurationIsVisible = 0;
			defaultConfigurationName = Release;
		};
		9D055B781DB3CBE60079246B /* Build configuration list for PBXNativeTarget "Cronometro" */ = {
			isa = XCConfigurationList;
			buildConfigurations = (
				9D055B791DB3CBE60079246B /* Debug */,
				9D055B7A1DB3CBE60079246B /* Release */,
			);
			defaultConfigurationIsVisible = 0;
		};
		9D055B7B1DB3CBE60079246B /* Build configuration list for PBXNativeTarget "CronometroTests" */ = {
			isa = XCConfigurationList;
			buildConfigurations = (
				9D055B7C1DB3CBE60079246B /* Debug */,
				9D055B7D1DB3CBE60079246B /* Release */,
			);
			defaultConfigurationIsVisible = 0;
		};
		9D055B7E1DB3CBE60079246B /* Build configuration list for PBXNativeTarget "CronometroUITests" */ = {
			isa = XCConfigurationList;
			buildConfigurations = (
				9D055B7F1DB3CBE60079246B /* Debug */,
				9D055B801DB3CBE60079246B /* Release */,
			);
			defaultConfigurationIsVisible = 0;
		};
/* End XCConfigurationList section */
	};
	rootObject = 9D055B481DB3CBE60079246B /* Project object */;
}
